
Microsoft Visual Studio Solution File, Format Version 12.00
# Visual Studio Version 16
VisualStudioVersion = 16.0.30002.166
MinimumVisualStudioVersion = 10.0.40219.1
Project("{FAE04EC0-301F-11D3-BF4B-00C04F79EFBC}") = "fakefootball", "fakefootball.csproj", "{97C88CAB-DF28-4C92-93A8-C23AAC290C20}"
EndProject
Global
	GlobalSection(SolutionConfigurationPlatforms) = preSolution
		Debug|Any CPU = Debug|Any CPU
		Release|Any CPU = Release|Any CPU
	EndGlobalSection
	GlobalSection(ProjectConfigurationPlatforms) = postSolution
		{97C88CAB-DF28-4C92-93A8-C23AAC290C20}.Debug|Any CPU.ActiveCfg = Debug|Any CPU
		{97C88CAB-DF28-4C92-93A8-C23AAC290C20}.Debug|Any CPU.Build.0 = Debug|Any CPU
		{97C88CAB-DF28-4C92-93A8-C23AAC290C20}.Release|Any CPU.ActiveCfg = Release|Any CPU
		{97C88CAB-DF28-4C92-93A8-C23AAC290C20}.Release|Any CPU.Build.0 = Release|Any CPU
	EndGlobalSection
	GlobalSection(SolutionProperties) = preSolution
		HideSolutionNode = FALSE
	EndGlobalSection
	GlobalSection(ExtensibilityGlobals) = postSolution
		SolutionGuid = {8841EBE4-F417-4976-B816-2E5FA3C7FE13}
	EndGlobalSection
EndGlobal
